
Microsoft Visual Studio Solution File, Format Version 12.00
# Visual Studio Version 16
VisualStudioVersion = 16.0.35130.168
MinimumVisualStudioVersion = 10.0.40219.1
Project("{FAE04EC0-301F-11D3-BF4B-00C04F79EFBC}") = "Carrito", "Carrito\Carrito.csproj", "{336460C2-614B-460D-83FF-B735AB052EDB}"
EndProject
Global
	GlobalSection(SolutionConfigurationPlatforms) = preSolution
		Debug|Any CPU = Debug|Any CPU
		Release|Any CPU = Release|Any CPU
	EndGlobalSection
	GlobalSection(ProjectConfigurationPlatforms) = postSolution
		{336460C2-614B-460D-83FF-B735AB052EDB}.Debug|Any CPU.ActiveCfg = Debug|Any CPU
		{336460C2-614B-460D-83FF-B735AB052EDB}.Debug|Any CPU.Build.0 = Debug|Any CPU
		{336460C2-614B-460D-83FF-B735AB052EDB}.Release|Any CPU.ActiveCfg = Release|Any CPU
		{336460C2-614B-460D-83FF-B735AB052EDB}.Release|Any CPU.Build.0 = Release|Any CPU
	EndGlobalSection
	GlobalSection(SolutionProperties) = preSolution
		HideSolutionNode = FALSE
	EndGlobalSection
	GlobalSection(ExtensibilityGlobals) = postSolution
		SolutionGuid = {FFC543ED-90AF-40CF-9718-524F7D1ADA93}
	EndGlobalSection
EndGlobal
